
Microsoft Visual Studio Solution File, Format Version 12.00
# Visual Studio 15
VisualStudioVersion = 15.0.28307.421
MinimumVisualStudioVersion = 10.0.40219.1
Project("{FAE04EC0-301F-11D3-BF4B-00C04F79EFBC}") = "Naming", "Naming\Naming.csproj", "{02AA4F9A-DBEC-4844-8D74-0BF3A5F01D63}"
EndProject
Global
	GlobalSection(SolutionConfigurationPlatforms) = preSolution
		Debug|Any CPU = Debug|Any CPU
		Release|Any CPU = Release|Any CPU
	EndGlobalSection
	GlobalSection(ProjectConfigurationPlatforms) = postSolution
		{02AA4F9A-DBEC-4844-8D74-0BF3A5F01D63}.Debug|Any CPU.ActiveCfg = Debug|Any CPU
		{02AA4F9A-DBEC-4844-8D74-0BF3A5F01D63}.Debug|Any CPU.Build.0 = Debug|Any CPU
		{02AA4F9A-DBEC-4844-8D74-0BF3A5F01D63}.Release|Any CPU.ActiveCfg = Release|Any CPU
		{02AA4F9A-DBEC-4844-8D74-0BF3A5F01D63}.Release|Any CPU.Build.0 = Release|Any CPU
	EndGlobalSection
	GlobalSection(SolutionProperties) = preSolution
		HideSolutionNode = FALSE
	EndGlobalSection
	GlobalSection(ExtensibilityGlobals) = postSolution
		SolutionGuid = {ACA9A450-6FB4-48A2-9C57-0AAB8102C30C}
	EndGlobalSection
EndGlobal
